
Microsoft Visual Studio Solution File, Format Version 12.00
# Visual Studio Version 17
VisualStudioVersion = 17.4.33213.308
MinimumVisualStudioVersion = 10.0.40219.1
Project("{9A19103F-16F7-4668-BE54-9A1E7A4F7556}") = "PetShopManagement", "PetShopManagement.csproj", "{CC6C4B68-13D7-428C-8743-0FC086F9FFF0}"
EndProject
Global
	GlobalSection(SolutionConfigurationPlatforms) = preSolution
		Debug|Any CPU = Debug|Any CPU
		Release|Any CPU = Release|Any CPU
	EndGlobalSection
	GlobalSection(ProjectConfigurationPlatforms) = postSolution
		{CC6C4B68-13D7-428C-8743-0FC086F9FFF0}.Debug|Any CPU.ActiveCfg = Debug|Any CPU
		{CC6C4B68-13D7-428C-8743-0FC086F9FFF0}.Debug|Any CPU.Build.0 = Debug|Any CPU
		{CC6C4B68-13D7-428C-8743-0FC086F9FFF0}.Release|Any CPU.ActiveCfg = Release|Any CPU
		{CC6C4B68-13D7-428C-8743-0FC086F9FFF0}.Release|Any CPU.Build.0 = Release|Any CPU
	EndGlobalSection
	GlobalSection(SolutionProperties) = preSolution
		HideSolutionNode = FALSE
	EndGlobalSection
	GlobalSection(ExtensibilityGlobals) = postSolution
		SolutionGuid = {002957D4-7A2C-4169-AABF-95E7F8041759}
	EndGlobalSection
EndGlobal
